
Microsoft Visual Studio Solution File, Format Version 12.00
# Visual Studio 15
VisualStudioVersion = 15.0.27428.2043
MinimumVisualStudioVersion = 10.0.40219.1
Project("{FAE04EC0-301F-11D3-BF4B-00C04F79EFBC}") = "Last500Trades", "Last500Trades\Last500Trades.csproj", "{262FD1D3-A89B-4076-AEBC-615DF9582EC4}"
EndProject
Global
	GlobalSection(SolutionConfigurationPlatforms) = preSolution
		Debug|Any CPU = Debug|Any CPU
		Release|Any CPU = Release|Any CPU
	EndGlobalSection
	GlobalSection(ProjectConfigurationPlatforms) = postSolution
		{262FD1D3-A89B-4076-AEBC-615DF9582EC4}.Debug|Any CPU.ActiveCfg = Debug|Any CPU
		{262FD1D3-A89B-4076-AEBC-615DF9582EC4}.Debug|Any CPU.Build.0 = Debug|Any CPU
		{262FD1D3-A89B-4076-AEBC-615DF9582EC4}.Release|Any CPU.ActiveCfg = Release|Any CPU
		{262FD1D3-A89B-4076-AEBC-615DF9582EC4}.Release|Any CPU.Build.0 = Release|Any CPU
	EndGlobalSection
	GlobalSection(SolutionProperties) = preSolution
		HideSolutionNode = FALSE
	EndGlobalSection
	GlobalSection(ExtensibilityGlobals) = postSolution
		SolutionGuid = {B1446226-8DF3-4796-B7EA-8DFDD565B238}
	EndGlobalSection
EndGlobal
